
Microsoft Visual Studio Solution File, Format Version 12.00
# Visual Studio 15
VisualStudioVersion = 15.0.27703.2047
MinimumVisualStudioVersion = 10.0.40219.1
Project("{FAE04EC0-301F-11D3-BF4B-00C04F79EFBC}") = "GB_CSharp_Beginner_HW1_Task1", "GB_CSharp_Beginner_HW1_Task1\GB_CSharp_Beginner_HW1_Task1.csproj", "{C1ADCA91-FBFD-49C9-A4C8-44FB40B1C8E9}"
EndProject
Project("{FAE04EC0-301F-11D3-BF4B-00C04F79EFBC}") = "GB_CSharp_Beginner_HW1_Task2", "GB_CSharp_Beginner_HW1_Task2\GB_CSharp_Beginner_HW1_Task2.csproj", "{4698050C-C225-4002-970E-83A9EC2A9F58}"
EndProject
Project("{FAE04EC0-301F-11D3-BF4B-00C04F79EFBC}") = "GB_CSharp_Beginner_HW1_Task3", "GB_CSharp_Beginner_HW1_Task3\GB_CSharp_Beginner_HW1_Task3.csproj", "{C42404E6-FC36-4C17-9DE9-2AFBA4A02ED4}"
EndProject
Project("{FAE04EC0-301F-11D3-BF4B-00C04F79EFBC}") = "GB_CSharp_Beginner_HW1_Task4", "GB_CSharp_Beginner_HW1_Task4\GB_CSharp_Beginner_HW1_Task4.csproj", "{BA27B8D0-F013-4C7C-90B7-C5523059446C}"
EndProject
Global
	GlobalSection(SolutionConfigurationPlatforms) = preSolution
		Debug|Any CPU = Debug|Any CPU
		Release|Any CPU = Release|Any CPU
	EndGlobalSection
	GlobalSection(ProjectConfigurationPlatforms) = postSolution
		{C1ADCA91-FBFD-49C9-A4C8-44FB40B1C8E9}.Debug|Any CPU.ActiveCfg = Debug|Any CPU
		{C1ADCA91-FBFD-49C9-A4C8-44FB40B1C8E9}.Debug|Any CPU.Build.0 = Debug|Any CPU
		{C1ADCA91-FBFD-49C9-A4C8-44FB40B1C8E9}.Release|Any CPU.ActiveCfg = Release|Any CPU
		{C1ADCA91-FBFD-49C9-A4C8-44FB40B1C8E9}.Release|Any CPU.Build.0 = Release|Any CPU
		{4698050C-C225-4002-970E-83A9EC2A9F58}.Debug|Any CPU.ActiveCfg = Debug|Any CPU
		{4698050C-C225-4002-970E-83A9EC2A9F58}.Debug|Any CPU.Build.0 = Debug|Any CPU
		{4698050C-C225-4002-970E-83A9EC2A9F58}.Release|Any CPU.ActiveCfg = Release|Any CPU
		{4698050C-C225-4002-970E-83A9EC2A9F58}.Release|Any CPU.Build.0 = Release|Any CPU
		{C42404E6-FC36-4C17-9DE9-2AFBA4A02ED4}.Debug|Any CPU.ActiveCfg = Debug|Any CPU
		{C42404E6-FC36-4C17-9DE9-2AFBA4A02ED4}.Debug|Any CPU.Build.0 = Debug|Any CPU
		{C42404E6-FC36-4C17-9DE9-2AFBA4A02ED4}.Release|Any CPU.ActiveCfg = Release|Any CPU
		{C42404E6-FC36-4C17-9DE9-2AFBA4A02ED4}.Release|Any CPU.Build.0 = Release|Any CPU
		{BA27B8D0-F013-4C7C-90B7-C5523059446C}.Debug|Any CPU.ActiveCfg = Debug|Any CPU
		{BA27B8D0-F013-4C7C-90B7-C5523059446C}.Debug|Any CPU.Build.0 = Debug|Any CPU
		{BA27B8D0-F013-4C7C-90B7-C5523059446C}.Release|Any CPU.ActiveCfg = Release|Any CPU
		{BA27B8D0-F013-4C7C-90B7-C5523059446C}.Release|Any CPU.Build.0 = Release|Any CPU
	EndGlobalSection
	GlobalSection(SolutionProperties) = preSolution
		HideSolutionNode = FALSE
	EndGlobalSection
	GlobalSection(ExtensibilityGlobals) = postSolution
		SolutionGuid = {587A009D-D87F-4CCF-A3F5-0F277916DF20}
	EndGlobalSection
EndGlobal
